github.com/platenio/platen/modules/platen v0.0.0-20230201010936-058d7b1f175e h1:Vm/vmrNhXy8uZ9AuHuCBdDdd7R8bk0xZ7gng0uY5YWk=
github.com/platenio/platen/modules/platen v0.0.0-20230201010936-058d7b1f175e/go.mod h1:7pfizXCKb4vonp6Og/3zkoy09YYsHip9/hXiT/pc3IM=
github.com/platenio/platen/modules/platen v0.0.0-20230206190051-ee754716b31e h1:xsmzhX2h6ZkPJDr7viGvdThjO7Oi4bcvGmt/IU755nM=
github.com/platenio/platen/modules/platen v0.0.0-20230206190051-ee754716b31e/go.mod h1:7pfizXCKb4vonp6Og/3zkoy09YYsHip9/hXiT/pc3IM=
github.com/platenio/platen/modules/platen v0.0.0-20230313022014-9abf196a9a59 h1:zFYKeC67YdRkUfwpyjpw5NQLYz1X96xiKqQEOLUCY5o=
github.com/platenio/platen/modules/platen v0.0.0-20230313022014-9abf196a9a59/go.mod h1:7pfizXCKb4vonp6Og/3zkoy09YYsHip9/hXiT/pc3IM=
github.com/platenio/platen/modules/platen v0.0.0-20230327192549-10e0d0b0cfd8 h1:2NzMZgrpgTMCd46BR5FQPDliINlpM6wLbuWHYEliM5c=
github.com/platenio/platen/modules/platen v0.0.0-20230327192549-10e0d0b0cfd8/go.mod h1:7pfizXCKb4vonp6Og/3zkoy09YYsHip9/hXiT/pc3IM=
github.com/platenio/platen/modules/platen v0.0.0-20230329111205-519c4309eb86 h1:0pGWxg2VKNfd1MU3IuQ0X9sQvdam72pntZBnUw2ln2E=
github.com/platenio/platen/modules/platen v0.0.0-20230329111205-519c4309eb86/go.mod h1:7pfizXCKb4vonp6Og/3zkoy09YYsHip9/hXiT/pc3IM=
github.com/platenio/platen/modules/platen v0.0.0-20230416185311-b8460c6455cd h1:62q1cLQ4DEuzzgVI6G9Kb37QGHxk6j9tIjZ1FWKhFlk=
github.com/platenio/platen/modules/platen v0.0.0-20230416185311-b8460c6455cd/go.mod h1:7pfizXCKb4vonp6Og/3zkoy09YYsHip9/hXiT/pc3IM=
github.com/platenio/platen/modules/platen v0.0.0-20230511124905-dabd5d9d72ab h1:aBdrn/ESAN7r+uGeMGqQrom6pEHAsVulItoDNP1jzws=
github.com/platenio/platen/modules/platen v0.0.0-20230511124905-dabd5d9d72ab/go.mod h1:7pfizXCKb4vonp6Og/3zkoy09YYsHip9/hXiT/pc3IM=
github.com/platenio/platen/modules/platen v0.0.0-20230614143927-dd048e2da196 h1:rSOUejTdKH6VGNCMFn2ti9MhGOcFj+PvnDuYibJoakk=
github.com/platenio/platen/modules/platen v0.0.0-20230614143927-dd048e2da196/go.mod h1:7pfizXCKb4vonp6Og/3zkoy09YYsHip9/hXiT/pc3IM=
github.com/platenio/platen/modules/platen v0.0.0-20231124141037-5a875309774c h1:ftQLeFf3erlZrGq/3RGkwglSBT/sq9Xz8tYfi14LQdM=
github.com/platenio/platen/modules/platen v0.0.0-20231124141037-5a875309774c/go.mod h1:7pfizXCKb4vonp6Og/3zkoy09YYsHip9/hXiT/pc3IM=
github.com/platenio/platen/modules/toroidal v0.0.0-20230201010936-058d7b1f175e h1:nr/q5Fn408rbXayP2UikakkQE967u8VISk1lZlWMljo=
github.com/platenio/platen/modules/toroidal v0.0.0-20230201010936-058d7b1f175e/go.mod h1:Tc9y5sVo05z2bXgJihfvi5vo8C382WhJLJYM4G8ziq4=
github.com/platenio/platen/modules/toroidal v0.0.0-20230206190051-ee754716b31e h1:99dKiJSngDV+1rCmdDJfPq9FNRBLGb6BpKo1LNLBC88=
github.com/platenio/platen/modules/toroidal v0.0.0-20230206190051-ee754716b31e/go.mod h1:Tc9y5sVo05z2bXgJihfvi5vo8C382WhJLJYM4G8ziq4=
github.com/platenio/platen/modules/toroidal v0.0.0-20230313022014-9abf196a9a59 h1:hmyvp7nF38oXaypZ3Sn+5SL1Nnl1IIRKtW+ceagwL+Y=
github.com/platenio/platen/modules/toroidal v0.0.0-20230313022014-9abf196a9a59/go.mod h1:Tc9y5sVo05z2bXgJihfvi5vo8C382WhJLJYM4G8ziq4=
github.com/platenio/platen/modules/toroidal v0.0.0-20230327192549-10e0d0b0cfd8 h1:glX0xlXSuEDaM0w7LItwrf/UEQgg+GY6oonPUscA5tw=
github.com/platenio/platen/modules/toroidal v0.0.0-20230327192549-10e0d0b0cfd8/go.mod h1:Tc9y5sVo05z2bXgJihfvi5vo8C382WhJLJYM4G8ziq4=
github.com/platenio/platen/modules/toroidal v0.0.0-20230329111205-519c4309eb86 h1:VC/OHiJ7HdOeZ6Qt8Lc70pX42+gSWD7CJqabmSdBoOM=
github.com/platenio/platen/modules/toroidal v0.0.0-20230329111205-519c4309eb86/go.mod h1:Tc9y5sVo05z2bXgJihfvi5vo8C382WhJLJYM4G8ziq4=
github.com/platenio/platen/modules/toroidal v0.0.0-20230416185311-b8460c6455cd h1:/WG+fIHCVhm5hhUjmV0aV8gJ/YYB33twixd+gydAhTU=
github.com/platenio/platen/modules/toroidal v0.0.0-20230416185311-b8460c6455cd/go.mod h1:Tc9y5sVo05z2bXgJihfvi5vo8C382WhJLJYM4G8ziq4=
github.com/platenio/platen/modules/toroidal v0.0.0-20230511124905-dabd5d9d72ab h1:xs5BIyT0HYUTqEObsC7kUMGKMLNs/bXyLFL89m6M0N8=
github.com/platenio/platen/modules/toroidal v0.0.0-20230511124905-dabd5d9d72ab/go.mod h1:Tc9y5sVo05z2bXgJihfvi5vo8C382WhJLJYM4G8ziq4=
github.com/platenio/platen/modules/toroidal v0.0.0-20230614143927-dd048e2da196 h1:GmF051o4IPlv0qSLhegFmhKz0WC4CqlBALO4jw0+2i0=
github.com/platenio/platen/modules/toroidal v0.0.0-20230614143927-dd048e2da196/go.mod h1:Tc9y5sVo05z2bXgJihfvi5vo8C382WhJLJYM4G8ziq4=
github.com/platenio/platen/modules/toroidal v0.0.0-20231124141037-5a875309774c h1:eUZ38CM7561/O/xMOCfskOGAOootbaru/+Lal6ArYm4=
github.com/platenio/platen/modules/toroidal v0.0.0-20231124141037-5a875309774c/go.mod h1:Tc9y5sVo05z2bXgJihfvi5vo8C382WhJLJYM4G8ziq4=
